
Microsoft Visual Studio Solution File, Format Version 12.00
# Visual Studio 15
VisualStudioVersion = 15.0.28307.271
MinimumVisualStudioVersion = 10.0.40219.1
Project("{FAE04EC0-301F-11D3-BF4B-00C04F79EFBC}") = "Mod1_Lab1", "Mod1_Lab1\Mod1_Lab1.csproj", "{B4674D66-1529-4BC1-B81C-AAB5B08C7385}"
EndProject
Global
	GlobalSection(SolutionConfigurationPlatforms) = preSolution
		Debug|Any CPU = Debug|Any CPU
		Release|Any CPU = Release|Any CPU
	EndGlobalSection
	GlobalSection(ProjectConfigurationPlatforms) = postSolution
		{B4674D66-1529-4BC1-B81C-AAB5B08C7385}.Debug|Any CPU.ActiveCfg = Debug|Any CPU
		{B4674D66-1529-4BC1-B81C-AAB5B08C7385}.Debug|Any CPU.Build.0 = Debug|Any CPU
		{B4674D66-1529-4BC1-B81C-AAB5B08C7385}.Release|Any CPU.ActiveCfg = Release|Any CPU
		{B4674D66-1529-4BC1-B81C-AAB5B08C7385}.Release|Any CPU.Build.0 = Release|Any CPU
	EndGlobalSection
	GlobalSection(SolutionProperties) = preSolution
		HideSolutionNode = FALSE
	EndGlobalSection
	GlobalSection(ExtensibilityGlobals) = postSolution
		SolutionGuid = {4F18BDF6-91AF-4674-8D8E-5A9A8C956A7C}
	EndGlobalSection
EndGlobal
